
Microsoft Visual Studio Solution File, Format Version 12.00
# Visual Studio 15
VisualStudioVersion = 15.0.27703.2042
MinimumVisualStudioVersion = 10.0.40219.1
Project("{FAE04EC0-301F-11D3-BF4B-00C04F79EFBC}") = "BlackJack", "BlackJack\BlackJack.csproj", "{3535B087-F9C4-4184-B967-EFAF32ABCA2C}"
EndProject
Global
	GlobalSection(SolutionConfigurationPlatforms) = preSolution
		Debug|Any CPU = Debug|Any CPU
		Release|Any CPU = Release|Any CPU
	EndGlobalSection
	GlobalSection(ProjectConfigurationPlatforms) = postSolution
		{3535B087-F9C4-4184-B967-EFAF32ABCA2C}.Debug|Any CPU.ActiveCfg = Debug|Any CPU
		{3535B087-F9C4-4184-B967-EFAF32ABCA2C}.Debug|Any CPU.Build.0 = Debug|Any CPU
		{3535B087-F9C4-4184-B967-EFAF32ABCA2C}.Release|Any CPU.ActiveCfg = Release|Any CPU
		{3535B087-F9C4-4184-B967-EFAF32ABCA2C}.Release|Any CPU.Build.0 = Release|Any CPU
	EndGlobalSection
	GlobalSection(SolutionProperties) = preSolution
		HideSolutionNode = FALSE
	EndGlobalSection
	GlobalSection(ExtensibilityGlobals) = postSolution
		SolutionGuid = {1CE7AFA5-52BF-4C9A-99CD-8F2F77DAF670}
	EndGlobalSection
EndGlobal
